
Microsoft Visual Studio Solution File, Format Version 12.00
# Visual Studio Version 17
VisualStudioVersion = 17.8.34316.72
MinimumVisualStudioVersion = 10.0.40219.1
Project("{FAE04EC0-301F-11D3-BF4B-00C04F79EFBC}") = "aplikacja", "aplikacja.csproj", "{3DF97193-E705-4700-B221-629198CB1B66}"
EndProject
Project("{9A19103F-16F7-4668-BE54-9A1E7A4F7556}") = "CenyPaliw_WebApi1", "..\CenyPaliw_WebApi1\CenyPaliw_WebApi1.csproj", "{6DD4813E-11A6-47CE-A9BD-28F12BCB4B37}"
EndProject
Global
	GlobalSection(SolutionConfigurationPlatforms) = preSolution
		Debug|Any CPU = Debug|Any CPU
		Release|Any CPU = Release|Any CPU
	EndGlobalSection
	GlobalSection(ProjectConfigurationPlatforms) = postSolution
		{3DF97193-E705-4700-B221-629198CB1B66}.Debug|Any CPU.ActiveCfg = Debug|Any CPU
		{3DF97193-E705-4700-B221-629198CB1B66}.Debug|Any CPU.Build.0 = Debug|Any CPU
		{3DF97193-E705-4700-B221-629198CB1B66}.Release|Any CPU.ActiveCfg = Release|Any CPU
		{3DF97193-E705-4700-B221-629198CB1B66}.Release|Any CPU.Build.0 = Release|Any CPU
		{6DD4813E-11A6-47CE-A9BD-28F12BCB4B37}.Debug|Any CPU.ActiveCfg = Debug|Any CPU
		{6DD4813E-11A6-47CE-A9BD-28F12BCB4B37}.Debug|Any CPU.Build.0 = Debug|Any CPU
		{6DD4813E-11A6-47CE-A9BD-28F12BCB4B37}.Release|Any CPU.ActiveCfg = Release|Any CPU
		{6DD4813E-11A6-47CE-A9BD-28F12BCB4B37}.Release|Any CPU.Build.0 = Release|Any CPU
	EndGlobalSection
	GlobalSection(SolutionProperties) = preSolution
		HideSolutionNode = FALSE
	EndGlobalSection
	GlobalSection(ExtensibilityGlobals) = postSolution
		SolutionGuid = {B8E2D229-84BD-46A4-B566-AD22CAF9C51D}
	EndGlobalSection
EndGlobal
